
Microsoft Visual Studio Solution File, Format Version 12.00
# Visual Studio Version 17
VisualStudioVersion = 17.5.002.0
MinimumVisualStudioVersion = 10.0.40219.1
Project("{9A19103F-16F7-4668-BE54-9A1E7A4F7556}") = "ExtraVert", "ExtraVert.csproj", "{9C796893-2866-481D-845A-5898FBEFF65D}"
EndProject
Global
	GlobalSection(SolutionConfigurationPlatforms) = preSolution
		Debug|Any CPU = Debug|Any CPU
		Release|Any CPU = Release|Any CPU
	EndGlobalSection
	GlobalSection(ProjectConfigurationPlatforms) = postSolution
		{9C796893-2866-481D-845A-5898FBEFF65D}.Debug|Any CPU.ActiveCfg = Debug|Any CPU
		{9C796893-2866-481D-845A-5898FBEFF65D}.Debug|Any CPU.Build.0 = Debug|Any CPU
		{9C796893-2866-481D-845A-5898FBEFF65D}.Release|Any CPU.ActiveCfg = Release|Any CPU
		{9C796893-2866-481D-845A-5898FBEFF65D}.Release|Any CPU.Build.0 = Release|Any CPU
	EndGlobalSection
	GlobalSection(SolutionProperties) = preSolution
		HideSolutionNode = FALSE
	EndGlobalSection
	GlobalSection(ExtensibilityGlobals) = postSolution
		SolutionGuid = {EA1FAD2A-6D91-47D1-BC59-6F7D3B7FDE1A}
	EndGlobalSection
EndGlobal
